// !$*UTF8*$!
{
	archiveVersion = 1;
	classes = {
	};
	objectVersion = 46;
	objects = {

/* Begin PBXBuildFile section */
		002510551AADF3BD00175A79 /* BSCoreGraphicsPlaygroundViewController.m in Sources */ = {isa = PBXBuildFile; fileRef = 002510461AADF3BD00175A79 /* BSCoreGraphicsPlaygroundViewController.m */; };
		002510561AADF3BD00175A79 /* BSDaddy.m in Sources */ = {isa = PBXBuildFile; fileRef = 002510481AADF3BD00175A79 /* BSDaddy.m */; };
		002510581AADF3BD00175A79 /* BSFunkyView.m in Sources */ = {isa = PBXBuildFile; fileRef = 0025104C1AADF3BD00175A79 /* BSFunkyView.m */; };
		002510591AADF3BD00175A79 /* BSGeolocAlarmViewController.m in Sources */ = {isa = PBXBuildFile; fileRef = 0025104E1AADF3BD00175A79 /* BSGeolocAlarmViewController.m */; };
		0025105B1AADF3BD00175A79 /* BSLocationManagerDelegate.m in Sources */ = {isa = PBXBuildFile; fileRef = 002510521AADF3BD00175A79 /* BSLocationManagerDelegate.m */; };
		0025105C1AADF3BD00175A79 /* BSMapAnnotation.m in Sources */ = {isa = PBXBuildFile; fileRef = 002510541AADF3BD00175A79 /* BSMapAnnotation.m */; };
		002510631AADF3CC00175A79 /* BSProtectedSimulationViewController.m in Sources */ = {isa = PBXBuildFile; fileRef = 0025105E1AADF3CC00175A79 /* BSProtectedSimulationViewController.m */; };
		002510641AADF3CC00175A79 /* BSSon.m in Sources */ = {isa = PBXBuildFile; fileRef = 002510601AADF3CC00175A79 /* BSSon.m */; };
		002510651AADF3CC00175A79 /* BSUtils.m in Sources */ = {isa = PBXBuildFile; fileRef = 002510621AADF3CC00175A79 /* BSUtils.m */; };
		005938671CE637D200DEA64B /* BSCollectionViewController.m in Sources */ = {isa = PBXBuildFile; fileRef = 005938661CE637D200DEA64B /* BSCollectionViewController.m */; };
		0059386A1CE63CD400DEA64B /* BSCollectionViewCell.m in Sources */ = {isa = PBXBuildFile; fileRef = 005938691CE63CD400DEA64B /* BSCollectionViewCell.m */; };
		008FEAFD202DDFE4006FCE37 /* LaunchScreen.xib in Resources */ = {isa = PBXBuildFile; fileRef = 008FEAFC202DDFE4006FCE37 /* LaunchScreen.xib */; };
		00D9B947183B8AFE003164F8 /* Foundation.framework in Frameworks */ = {isa = PBXBuildFile; fileRef = 00D9B946183B8AFE003164F8 /* Foundation.framework */; };
		00D9B949183B8AFE003164F8 /* CoreGraphics.framework in Frameworks */ = {isa = PBXBuildFile; fileRef = 00D9B948183B8AFE003164F8 /* CoreGraphics.framework */; };
		00D9B94B183B8AFE003164F8 /* UIKit.framework in Frameworks */ = {isa = PBXBuildFile; fileRef = 00D9B94A183B8AFE003164F8 /* UIKit.framework */; };
		00D9B94D183B8AFE003164F8 /* CoreData.framework in Frameworks */ = {isa = PBXBuildFile; fileRef = 00D9B94C183B8AFE003164F8 /* CoreData.framework */; };
		00D9B953183B8AFE003164F8 /* InfoPlist.strings in Resources */ = {isa = PBXBuildFile; fileRef = 00D9B951183B8AFE003164F8 /* InfoPlist.strings */; };
		00D9B955183B8AFE003164F8 /* main.m in Sources */ = {isa = PBXBuildFile; fileRef = 00D9B954183B8AFE003164F8 /* main.m */; };
		00D9B959183B8AFE003164F8 /* BSAppDelegate.m in Sources */ = {isa = PBXBuildFile; fileRef = 00D9B958183B8AFE003164F8 /* BSAppDelegate.m */; };
		00D9B95C183B8AFE003164F8 /* bootstragram.xcdatamodeld in Sources */ = {isa = PBXBuildFile; fileRef = 00D9B95A183B8AFE003164F8 /* bootstragram.xcdatamodeld */; };
		00D9B95E183B8AFE003164F8 /* Images.xcassets in Resources */ = {isa = PBXBuildFile; fileRef = 00D9B95D183B8AFE003164F8 /* Images.xcassets */; };
		00D9B965183B8AFE003164F8 /* XCTest.framework in Frameworks */ = {isa = PBXBuildFile; fileRef = 00D9B964183B8AFE003164F8 /* XCTest.framework */; };
		00D9B966183B8AFE003164F8 /* Foundation.framework in Frameworks */ = {isa = PBXBuildFile; fileRef = 00D9B946183B8AFE003164F8 /* Foundation.framework */; };
		00D9B967183B8AFE003164F8 /* UIKit.framework in Frameworks */ = {isa = PBXBuildFile; fileRef = 00D9B94A183B8AFE003164F8 /* UIKit.framework */; };
		00D9B968183B8AFE003164F8 /* CoreData.framework in Frameworks */ = {isa = PBXBuildFile; fileRef = 00D9B94C183B8AFE003164F8 /* CoreData.framework */; };
		00D9B970183B8AFE003164F8 /* InfoPlist.strings in Resources */ = {isa = PBXBuildFile; fileRef = 00D9B96E183B8AFE003164F8 /* InfoPlist.strings */; };
		00D9B972183B8AFE003164F8 /* bootstragramTests.m in Sources */ = {isa = PBXBuildFile; fileRef = 00D9B971183B8AFE003164F8 /* bootstragramTests.m */; };
		00D9B97C183B8B2F003164F8 /* StoryboardPhone.storyboard in Resources */ = {isa = PBXBuildFile; fileRef = 00D9B97B183B8B2F003164F8 /* StoryboardPhone.storyboard */; };
		00D9B97F183B8B89003164F8 /* BSMyContactViewController.m in Sources */ = {isa = PBXBuildFile; fileRef = 00D9B97E183B8B89003164F8 /* BSMyContactViewController.m */; };
		00D9B985183B8F78003164F8 /* NSString+Levenshtein.m in Sources */ = {isa = PBXBuildFile; fileRef = 00D9B983183B8F78003164F8 /* NSString+Levenshtein.m */; };
		00D9B986183B8F78003164F8 /* readme.md in Resources */ = {isa = PBXBuildFile; fileRef = 00D9B984183B8F78003164F8 /* readme.md */; };
		00D9B988183B907B003164F8 /* AddressBook.framework in Frameworks */ = {isa = PBXBuildFile; fileRef = 00D9B987183B907B003164F8 /* AddressBook.framework */; };
		2F9A83D6C9B4EB217BCE5D9B /* Pods_bootstragram.framework in Frameworks */ = {isa = PBXBuildFile; fileRef = F8172A6E468997F037DA286E /* Pods_bootstragram.framework */; };
		4BFE388A5AC619BFCB51F897 /* Pods_bootstragramTests.framework in Frameworks */ = {isa = PBXBuildFile; fileRef = A1889811E804F65012FBEBF5 /* Pods_bootstragramTests.framework */; };
/* End PBXBuildFile section */

/* Begin PBXContainerItemProxy section */
		00D9B969183B8AFE003164F8 /* PBXContainerItemProxy */ = {
			isa = PBXContainerItemProxy;
			containerPortal = 00D9B93B183B8AFE003164F8 /* Project object */;
			proxyType = 1;
			remoteGlobalIDString = 00D9B942183B8AFE003164F8;
			remoteInfo = bootstragram;
		};
/* End PBXContainerItemProxy section */

/* Begin PBXFileReference section */
		002510451AADF3BD00175A79 /* BSCoreGraphicsPlaygroundViewController.h */ = {isa = PBXFileReference; fileEncoding = 4; lastKnownFileType = sourcecode.c.h; path = BSCoreGraphicsPlaygroundViewController.h; sourceTree = "<group>"; };
		002510461AADF3BD00175A79 /* BSCoreGraphicsPlaygroundViewController.m */ = {isa = PBXFileReference; fileEncoding = 4; lastKnownFileType = sourcecode.c.objc; path = BSCoreGraphicsPlaygroundViewController.m; sourceTree = "<group>"; };
		002510471AADF3BD00175A79 /* BSDaddy.h */ = {isa = PBXFileReference; fileEncoding = 4; lastKnownFileType = sourcecode.c.h; path = BSDaddy.h; sourceTree = "<group>"; };
		002510481AADF3BD00175A79 /* BSDaddy.m */ = {isa = PBXFileReference; fileEncoding = 4; lastKnownFileType = sourcecode.c.objc; path = BSDaddy.m; sourceTree = "<group>"; };
		0025104B1AADF3BD00175A79 /* BSFunkyView.h */ = {isa = PBXFileReference; fileEncoding = 4; lastKnownFileType = sourcecode.c.h; path = BSFunkyView.h; sourceTree = "<group>"; };
		0025104C1AADF3BD00175A79 /* BSFunkyView.m */ = {isa = PBXFileReference; fileEncoding = 4; lastKnownFileType = sourcecode.c.objc; path = BSFunkyView.m; sourceTree = "<group>"; };
		0025104D1AADF3BD00175A79 /* BSGeolocAlarmViewController.h */ = {isa = PBXFileReference; fileEncoding = 4; lastKnownFileType = sourcecode.c.h; path = BSGeolocAlarmViewController.h; sourceTree = "<group>"; };
		0025104E1AADF3BD00175A79 /* BSGeolocAlarmViewController.m */ = {isa = PBXFileReference; fileEncoding = 4; lastKnownFileType = sourcecode.c.objc; path = BSGeolocAlarmViewController.m; sourceTree = "<group>"; };
		002510511AADF3BD00175A79 /* BSLocationManagerDelegate.h */ = {isa = PBXFileReference; fileEncoding = 4; lastKnownFileType = sourcecode.c.h; path = BSLocationManagerDelegate.h; sourceTree = "<group>"; };
		002510521AADF3BD00175A79 /* BSLocationManagerDelegate.m */ = {isa = PBXFileReference; fileEncoding = 4; lastKnownFileType = sourcecode.c.objc; path = BSLocationManagerDelegate.m; sourceTree = "<group>"; };
		002510531AADF3BD00175A79 /* BSMapAnnotation.h */ = {isa = PBXFileReference; fileEncoding = 4; lastKnownFileType = sourcecode.c.h; path = BSMapAnnotation.h; sourceTree = "<group>"; };
		002510541AADF3BD00175A79 /* BSMapAnnotation.m */ = {isa = PBXFileReference; fileEncoding = 4; lastKnownFileType = sourcecode.c.objc; path = BSMapAnnotation.m; sourceTree = "<group>"; };
		0025105D1AADF3CC00175A79 /* BSProtectedSimulationViewController.h */ = {isa = PBXFileReference; fileEncoding = 4; lastKnownFileType = sourcecode.c.h; path = BSProtectedSimulationViewController.h; sourceTree = "<group>"; };
		0025105E1AADF3CC00175A79 /* BSProtectedSimulationViewController.m */ = {isa = PBXFileReference; fileEncoding = 4; lastKnownFileType = sourcecode.c.objc; path = BSProtectedSimulationViewController.m; sourceTree = "<group>"; };
		0025105F1AADF3CC00175A79 /* BSSon.h */ = {isa = PBXFileReference; fileEncoding = 4; lastKnownFileType = sourcecode.c.h; path = BSSon.h; sourceTree = "<group>"; };
		002510601AADF3CC00175A79 /* BSSon.m */ = {isa = PBXFileReference; fileEncoding = 4; lastKnownFileType = sourcecode.c.objc; path = BSSon.m; sourceTree = "<group>"; };
		002510611AADF3CC00175A79 /* BSUtils.h */ = {isa = PBXFileReference; fileEncoding = 4; lastKnownFileType = sourcecode.c.h; path = BSUtils.h; sourceTree = "<group>"; };
		002510621AADF3CC00175A79 /* BSUtils.m */ = {isa = PBXFileReference; fileEncoding = 4; lastKnownFileType = sourcecode.c.objc; path = BSUtils.m; sourceTree = "<group>"; };
		002510661AADF40C00175A79 /* BSDaddySubclass.h */ = {isa = PBXFileReference; fileEncoding = 4; lastKnownFileType = sourcecode.c.h; path = BSDaddySubclass.h; sourceTree = "<group>"; };
		005938651CE637D200DEA64B /* BSCollectionViewController.h */ = {isa = PBXFileReference; fileEncoding = 4; lastKnownFileType = sourcecode.c.h; path = BSCollectionViewController.h; sourceTree = "<group>"; };
		005938661CE637D200DEA64B /* BSCollectionViewController.m */ = {isa = PBXFileReference; fileEncoding = 4; lastKnownFileType = sourcecode.c.objc; path = BSCollectionViewController.m; sourceTree = "<group>"; };
		005938681CE63CD400DEA64B /* BSCollectionViewCell.h */ = {isa = PBXFileReference; fileEncoding = 4; lastKnownFileType = sourcecode.c.h; path = BSCollectionViewCell.h; sourceTree = "<group>"; };
		005938691CE63CD400DEA64B /* BSCollectionViewCell.m */ = {isa = PBXFileReference; fileEncoding = 4; lastKnownFileType = sourcecode.c.objc; path = BSCollectionViewCell.m; sourceTree = "<group>"; };
		008FEAFC202DDFE4006FCE37 /* LaunchScreen.xib */ = {isa = PBXFileReference; lastKnownFileType = file.xib; path = LaunchScreen.xib; sourceTree = "<group>"; };
		00D9B943183B8AFE003164F8 /* bootstragram.app */ = {isa = PBXFileReference; explicitFileType = wrapper.application; includeInIndex = 0; path = bootstragram.app; sourceTree = BUILT_PRODUCTS_DIR; };
		00D9B946183B8AFE003164F8 /* Foundation.framework */ = {isa = PBXFileReference; lastKnownFileType = wrapper.framework; name = Foundation.framework; path = System/Library/Frameworks/Foundation.framework; sourceTree = SDKROOT; };
		00D9B948183B8AFE003164F8 /* CoreGraphics.framework */ = {isa = PBXFileReference; lastKnownFileType = wrapper.framework; name = CoreGraphics.framework; path = System/Library/Frameworks/CoreGraphics.framework; sourceTree = SDKROOT; };
		00D9B94A183B8AFE003164F8 /* UIKit.framework */ = {isa = PBXFileReference; lastKnownFileType = wrapper.framework; name = UIKit.framework; path = System/Library/Frameworks/UIKit.framework; sourceTree = SDKROOT; };
		00D9B94C183B8AFE003164F8 /* CoreData.framework */ = {isa = PBXFileReference; lastKnownFileType = wrapper.framework; name = CoreData.framework; path = System/Library/Frameworks/CoreData.framework; sourceTree = SDKROOT; };
		00D9B950183B8AFE003164F8 /* bootstragram-Info.plist */ = {isa = PBXFileReference; lastKnownFileType = text.plist.xml; path = "bootstragram-Info.plist"; sourceTree = "<group>"; };
		00D9B952183B8AFE003164F8 /* en */ = {isa = PBXFileReference; lastKnownFileType = text.plist.strings; name = en; path = en.lproj/InfoPlist.strings; sourceTree = "<group>"; };
		00D9B954183B8AFE003164F8 /* main.m */ = {isa = PBXFileReference; lastKnownFileType = sourcecode.c.objc; path = main.m; sourceTree = "<group>"; };
		00D9B956183B8AFE003164F8 /* bootstragram-Prefix.pch */ = {isa = PBXFileReference; lastKnownFileType = sourcecode.c.h; path = "bootstragram-Prefix.pch"; sourceTree = "<group>"; };
		00D9B957183B8AFE003164F8 /* BSAppDelegate.h */ = {isa = PBXFileReference; lastKnownFileType = sourcecode.c.h; path = BSAppDelegate.h; sourceTree = "<group>"; };
		00D9B958183B8AFE003164F8 /* BSAppDelegate.m */ = {isa = PBXFileReference; lastKnownFileType = sourcecode.c.objc; path = BSAppDelegate.m; sourceTree = "<group>"; };
		00D9B95B183B8AFE003164F8 /* bootstragram.xcdatamodel */ = {isa = PBXFileReference; lastKnownFileType = wrapper.xcdatamodel; path = bootstragram.xcdatamodel; sourceTree = "<group>"; };
		00D9B95D183B8AFE003164F8 /* Images.xcassets */ = {isa = PBXFileReference; lastKnownFileType = folder.assetcatalog; path = Images.xcassets; sourceTree = "<group>"; };
		00D9B963183B8AFE003164F8 /* bootstragramTests.xctest */ = {isa = PBXFileReference; explicitFileType = wrapper.cfbundle; includeInIndex = 0; path = bootstragramTests.xctest; sourceTree = BUILT_PRODUCTS_DIR; };
		00D9B964183B8AFE003164F8 /* XCTest.framework */ = {isa = PBXFileReference; lastKnownFileType = wrapper.framework; name = XCTest.framework; path = Library/Frameworks/XCTest.framework; sourceTree = DEVELOPER_DIR; };
		00D9B96D183B8AFE003164F8 /* bootstragramTests-Info.plist */ = {isa = PBXFileReference; lastKnownFileType = text.plist.xml; path = "bootstragramTests-Info.plist"; sourceTree = "<group>"; };
		00D9B96F183B8AFE003164F8 /* en */ = {isa = PBXFileReference; lastKnownFileType = text.plist.strings; name = en; path = en.lproj/InfoPlist.strings; sourceTree = "<group>"; };
		00D9B971183B8AFE003164F8 /* bootstragramTests.m */ = {isa = PBXFileReference; lastKnownFileType = sourcecode.c.objc; path = bootstragramTests.m; sourceTree = "<group>"; };
		00D9B97B183B8B2F003164F8 /* StoryboardPhone.storyboard */ = {isa = PBXFileReference; fileEncoding = 4; lastKnownFileType = file.storyboard; name = StoryboardPhone.storyboard; path = ../StoryboardPhone.storyboard; sourceTree = "<group>"; };
		00D9B97D183B8B89003164F8 /* BSMyContactViewController.h */ = {isa = PBXFileReference; fileEncoding = 4; lastKnownFileType = sourcecode.c.h; path = BSMyContactViewController.h; sourceTree = "<group>"; };
		00D9B97E183B8B89003164F8 /* BSMyContactViewController.m */ = {isa = PBXFileReference; fileEncoding = 4; lastKnownFileType = sourcecode.c.objc; path = BSMyContactViewController.m; sourceTree = "<group>"; };
		00D9B982183B8F78003164F8 /* NSString+Levenshtein.h */ = {isa = PBXFileReference; fileEncoding = 4; lastKnownFileType = sourcecode.c.h; path = "NSString+Levenshtein.h"; sourceTree = "<group>"; };
		00D9B983183B8F78003164F8 /* NSString+Levenshtein.m */ = {isa = PBXFileReference; fileEncoding = 4; lastKnownFileType = sourcecode.c.objc; path = "NSString+Levenshtein.m"; sourceTree = "<group>"; };
		00D9B984183B8F78003164F8 /* readme.md */ = {isa = PBXFileReference; fileEncoding = 4; lastKnownFileType = text; path = readme.md; sourceTree = "<group>"; };
		00D9B987183B907B003164F8 /* AddressBook.framework */ = {isa = PBXFileReference; lastKnownFileType = wrapper.framework; name = AddressBook.framework; path = System/Library/Frameworks/AddressBook.framework; sourceTree = SDKROOT; };
		2C50481A976F81419D2CE2F7 /* Pods-bootstragram.release.xcconfig */ = {isa = PBXFileReference; includeInIndex = 1; lastKnownFileType = text.xcconfig; name = "Pods-bootstragram.release.xcconfig"; path = "Pods/Target Support Files/Pods-bootstragram/Pods-bootstragram.release.xcconfig"; sourceTree = "<group>"; };
		A1889811E804F65012FBEBF5 /* Pods_bootstragramTests.framework */ = {isa = PBXFileReference; explicitFileType = wrapper.framework; includeInIndex = 0; path = Pods_bootstragramTests.framework; sourceTree = BUILT_PRODUCTS_DIR; };
		A7269A7F5050D07E96B3A9A1 /* Pods-bootstragram.debug.xcconfig */ = {isa = PBXFileReference; includeInIndex = 1; lastKnownFileType = text.xcconfig; name = "Pods-bootstragram.debug.xcconfig"; path = "Pods/Target Support Files/Pods-bootstragram/Pods-bootstragram.debug.xcconfig"; sourceTree = "<group>"; };
		C5C95B4A4AE0DA7E42DB8A7B /* Pods-bootstragramTests.release.xcconfig */ = {isa = PBXFileReference; includeInIndex = 1; lastKnownFileType = text.xcconfig; name = "Pods-bootstragramTests.release.xcconfig"; path = "Pods/Target Support Files/Pods-bootstragramTests/Pods-bootstragramTests.release.xcconfig"; sourceTree = "<group>"; };
		E09F5074811AE3C8ADB0850B /* Pods-bootstragramTests.debug.xcconfig */ = {isa = PBXFileReference; includeInIndex = 1; lastKnownFileType = text.xcconfig; name = "Pods-bootstragramTests.debug.xcconfig"; path = "Pods/Target Support Files/Pods-bootstragramTests/Pods-bootstragramTests.debug.xcconfig"; sourceTree = "<group>"; };
		F8172A6E468997F037DA286E /* Pods_bootstragram.framework */ = {isa = PBXFileReference; explicitFileType = wrapper.framework; includeInIndex = 0; path = Pods_bootstragram.framework; sourceTree = BUILT_PRODUCTS_DIR; };
/* End PBXFileReference section */

/* Begin PBXFrameworksBuildPhase section */
		00D9B940183B8AFE003164F8 /* Frameworks */ = {
			isa = PBXFrameworksBuildPhase;
			buildActionMask = 2147483647;
			files = (
				00D9B988183B907B003164F8 /* AddressBook.framework in Frameworks */,
				00D9B949183B8AFE003164F8 /* CoreGraphics.framework in Frameworks */,
				00D9B94D183B8AFE003164F8 /* CoreData.framework in Frameworks */,
				00D9B94B183B8AFE003164F8 /* UIKit.framework in Frameworks */,
				00D9B947183B8AFE003164F8 /* Foundation.framework in Frameworks */,
				2F9A83D6C9B4EB217BCE5D9B /* Pods_bootstragram.framework in Frameworks */,
			);
			runOnlyForDeploymentPostprocessing = 0;
		};
		00D9B960183B8AFE003164F8 /* Frameworks */ = {
			isa = PBXFrameworksBuildPhase;
			buildActionMask = 2147483647;
			files = (
				00D9B965183B8AFE003164F8 /* XCTest.framework in Frameworks */,
				00D9B968183B8AFE003164F8 /* CoreData.framework in Frameworks */,
				00D9B967183B8AFE003164F8 /* UIKit.framework in Frameworks */,
				00D9B966183B8AFE003164F8 /* Foundation.framework in Frameworks */,
				4BFE388A5AC619BFCB51F897 /* Pods_bootstragramTests.framework in Frameworks */,
			);
			runOnlyForDeploymentPostprocessing = 0;
		};
/* End PBXFrameworksBuildPhase section */

/* Begin PBXGroup section */
		00D9B93A183B8AFE003164F8 = {
			isa = PBXGroup;
			children = (
				00D9B94E183B8AFE003164F8 /* bootstragram */,
				00D9B96B183B8AFE003164F8 /* bootstragramTests */,
				00D9B945183B8AFE003164F8 /* Frameworks */,
				00D9B944183B8AFE003164F8 /* Products */,
				B1B89626CB32F9969422BEEF /* Pods */,
			);
			sourceTree = "<group>";
		};
		00D9B944183B8AFE003164F8 /* Products */ = {
			isa = PBXGroup;
			children = (
				00D9B943183B8AFE003164F8 /* bootstragram.app */,
				00D9B963183B8AFE003164F8 /* bootstragramTests.xctest */,
			);
			name = Products;
			sourceTree = "<group>";
		};
		00D9B945183B8AFE003164F8 /* Frameworks */ = {
			isa = PBXGroup;
			children = (
				00D9B987183B907B003164F8 /* AddressBook.framework */,
				00D9B946183B8AFE003164F8 /* Foundation.framework */,
				00D9B948183B8AFE003164F8 /* CoreGraphics.framework */,
				00D9B94A183B8AFE003164F8 /* UIKit.framework */,
				00D9B94C183B8AFE003164F8 /* CoreData.framework */,
				00D9B964183B8AFE003164F8 /* XCTest.framework */,
				F8172A6E468997F037DA286E /* Pods_bootstragram.framework */,
				A1889811E804F65012FBEBF5 /* Pods_bootstragramTests.framework */,
			);
			name = Frameworks;
			sourceTree = "<group>";
		};
		00D9B94E183B8AFE003164F8 /* bootstragram */ = {
			isa = PBXGroup;
			children = (
				002510661AADF40C00175A79 /* BSDaddySubclass.h */,
				002510451AADF3BD00175A79 /* BSCoreGraphicsPlaygroundViewController.h */,
				0025105D1AADF3CC00175A79 /* BSProtectedSimulationViewController.h */,
				0025105E1AADF3CC00175A79 /* BSProtectedSimulationViewController.m */,
				0025105F1AADF3CC00175A79 /* BSSon.h */,
				002510601AADF3CC00175A79 /* BSSon.m */,
				002510611AADF3CC00175A79 /* BSUtils.h */,
				002510621AADF3CC00175A79 /* BSUtils.m */,
				002510461AADF3BD00175A79 /* BSCoreGraphicsPlaygroundViewController.m */,
				002510471AADF3BD00175A79 /* BSDaddy.h */,
				002510481AADF3BD00175A79 /* BSDaddy.m */,
				0025104B1AADF3BD00175A79 /* BSFunkyView.h */,
				0025104C1AADF3BD00175A79 /* BSFunkyView.m */,
				0025104D1AADF3BD00175A79 /* BSGeolocAlarmViewController.h */,
				0025104E1AADF3BD00175A79 /* BSGeolocAlarmViewController.m */,
				002510511AADF3BD00175A79 /* BSLocationManagerDelegate.h */,
				002510521AADF3BD00175A79 /* BSLocationManagerDelegate.m */,
				002510531AADF3BD00175A79 /* BSMapAnnotation.h */,
				002510541AADF3BD00175A79 /* BSMapAnnotation.m */,
				00D9B97B183B8B2F003164F8 /* StoryboardPhone.storyboard */,
				00D9B957183B8AFE003164F8 /* BSAppDelegate.h */,
				00D9B958183B8AFE003164F8 /* BSAppDelegate.m */,
				00D9B95D183B8AFE003164F8 /* Images.xcassets */,
				00D9B95A183B8AFE003164F8 /* bootstragram.xcdatamodeld */,
				00D9B94F183B8AFE003164F8 /* Supporting Files */,
				00D9B97D183B8B89003164F8 /* BSMyContactViewController.h */,
				00D9B97E183B8B89003164F8 /* BSMyContactViewController.m */,
				005938651CE637D200DEA64B /* BSCollectionViewController.h */,
				005938661CE637D200DEA64B /* BSCollectionViewController.m */,
				005938681CE63CD400DEA64B /* BSCollectionViewCell.h */,
				005938691CE63CD400DEA64B /* BSCollectionViewCell.m */,
				008FEAFC202DDFE4006FCE37 /* LaunchScreen.xib */,
			);
			path = bootstragram;
			sourceTree = "<group>";
		};
		00D9B94F183B8AFE003164F8 /* Supporting Files */ = {
			isa = PBXGroup;
			children = (
				00D9B980183B8F41003164F8 /* NSString+Levenshtein */,
				00D9B950183B8AFE003164F8 /* bootstragram-Info.plist */,
				00D9B951183B8AFE003164F8 /* InfoPlist.strings */,
				00D9B954183B8AFE003164F8 /* main.m */,
				00D9B956183B8AFE003164F8 /* bootstragram-Prefix.pch */,
			);
			name = "Supporting Files";
			sourceTree = "<group>";
		};
		00D9B96B183B8AFE003164F8 /* bootstragramTests */ = {
			isa = PBXGroup;
			children = (
				00D9B971183B8AFE003164F8 /* bootstragramTests.m */,
				00D9B96C183B8AFE003164F8 /* Supporting Files */,
			);
			path = bootstragramTests;
			sourceTree = "<group>";
		};
		00D9B96C183B8AFE003164F8 /* Supporting Files */ = {
			isa = PBXGroup;
			children = (
				00D9B96D183B8AFE003164F8 /* bootstragramTests-Info.plist */,
				00D9B96E183B8AFE003164F8 /* InfoPlist.strings */,
			);
			name = "Supporting Files";
			sourceTree = "<group>";
		};
		00D9B980183B8F41003164F8 /* NSString+Levenshtein */ = {
			isa = PBXGroup;
			children = (
				00D9B981183B8F78003164F8 /* gist1515464-55234426c5ff95332efc13c757e46a5452b4898a */,
			);
			name = "NSString+Levenshtein";
			sourceTree = "<group>";
		};
		00D9B981183B8F78003164F8 /* gist1515464-55234426c5ff95332efc13c757e46a5452b4898a */ = {
			isa = PBXGroup;
			children = (
				00D9B982183B8F78003164F8 /* NSString+Levenshtein.h */,
				00D9B983183B8F78003164F8 /* NSString+Levenshtein.m */,
				00D9B984183B8F78003164F8 /* readme.md */,
			);
			path = "gist1515464-55234426c5ff95332efc13c757e46a5452b4898a";
			sourceTree = "<group>";
		};
		B1B89626CB32F9969422BEEF /* Pods */ = {
			isa = PBXGroup;
			children = (
				A7269A7F5050D07E96B3A9A1 /* Pods-bootstragram.debug.xcconfig */,
				2C50481A976F81419D2CE2F7 /* Pods-bootstragram.release.xcconfig */,
				E09F5074811AE3C8ADB0850B /* Pods-bootstragramTests.debug.xcconfig */,
				C5C95B4A4AE0DA7E42DB8A7B /* Pods-bootstragramTests.release.xcconfig */,
			);
			name = Pods;
			sourceTree = "<group>";
		};
/* End PBXGroup section */

/* Begin PBXNativeTarget section */
		00D9B942183B8AFE003164F8 /* bootstragram */ = {
			isa = PBXNativeTarget;
			buildConfigurationList = 00D9B975183B8AFE003164F8 /* Build configuration list for PBXNativeTarget "bootstragram" */;
			buildPhases = (
				25C816C252A99AF517880E01 /* [CP] Check Pods Manifest.lock */,
				00D9B93F183B8AFE003164F8 /* Sources */,
				00D9B940183B8AFE003164F8 /* Frameworks */,
				00D9B941183B8AFE003164F8 /* Resources */,
				3A67882E25BA223E8FAD51C3 /* [CP] Embed Pods Frameworks */,
			);
			buildRules = (
			);
			dependencies = (
			);
			name = bootstragram;
			productName = bootstragram;
			productReference = 00D9B943183B8AFE003164F8 /* bootstragram.app */;
			productType = "com.apple.product-type.application";
		};
		00D9B962183B8AFE003164F8 /* bootstragramTests */ = {
			isa = PBXNativeTarget;
			buildConfigurationList = 00D9B978183B8AFE003164F8 /* Build configuration list for PBXNativeTarget "bootstragramTests" */;
			buildPhases = (
				F817EF4B884A1C953BED054C /* [CP] Check Pods Manifest.lock */,
				00D9B95F183B8AFE003164F8 /* Sources */,
				00D9B960183B8AFE003164F8 /* Frameworks */,
				00D9B961183B8AFE003164F8 /* Resources */,
			);
			buildRules = (
			);
			dependencies = (
				00D9B96A183B8AFE003164F8 /* PBXTargetDependency */,
			);
			name = bootstragramTests;
			productName = bootstragramTests;
			productReference = 00D9B963183B8AFE003164F8 /* bootstragramTests.xctest */;
			productType = "com.apple.product-type.bundle.unit-test";
		};
/* End PBXNativeTarget section */

/* Begin PBXProject section */
		00D9B93B183B8AFE003164F8 /* Project object */ = {
			isa = PBXProject;
			attributes = {
				CLASSPREFIX = BS;
				LastUpgradeCheck = 0920;
				ORGANIZATIONNAME = Bootstragram;
				TargetAttributes = {
					00D9B942183B8AFE003164F8 = {
						DevelopmentTeam = 7HX93AP7WL;
						ProvisioningStyle = Automatic;
					};
					00D9B962183B8AFE003164F8 = {
						TestTargetID = 00D9B942183B8AFE003164F8;
					};
				};
			};
			buildConfigurationList = 00D9B93E183B8AFE003164F8 /* Build configuration list for PBXProject "bootstragram" */;
			compatibilityVersion = "Xcode 3.2";
			developmentRegion = English;
			hasScannedForEncodings = 0;
			knownRegions = (
				English,
				en,
			);
			mainGroup = 00D9B93A183B8AFE003164F8;
			productRefGroup = 00D9B944183B8AFE003164F8 /* Products */;
			projectDirPath = "";
			projectRoot = "";
			targets = (
				00D9B942183B8AFE003164F8 /* bootstragram */,
				00D9B962183B8AFE003164F8 /* bootstragramTests */,
			);
		};
/* End PBXProject section */

/* Begin PBXResourcesBuildPhase section */
		00D9B941183B8AFE003164F8 /* Resources */ = {
			isa = PBXResourcesBuildPhase;
			buildActionMask = 2147483647;
			files = (
				008FEAFD202DDFE4006FCE37 /* LaunchScreen.xib in Resources */,
				00D9B97C183B8B2F003164F8 /* StoryboardPhone.storyboard in Resources */,
				00D9B953183B8AFE003164F8 /* InfoPlist.strings in Resources */,
				00D9B986183B8F78003164F8 /* readme.md in Resources */,
				00D9B95E183B8AFE003164F8 /* Images.xcassets in Resources */,
			);
			runOnlyForDeploymentPostprocessing = 0;
		};
		00D9B961183B8AFE003164F8 /* Resources */ = {
			isa = PBXResourcesBuildPhase;
			buildActionMask = 2147483647;
			files = (
				00D9B970183B8AFE003164F8 /* InfoPlist.strings in Resources */,
			);
			runOnlyForDeploymentPostprocessing = 0;
		};
/* End PBXResourcesBuildPhase section */

/* Begin PBXShellScriptBuildPhase section */
		25C816C252A99AF517880E01 /* [CP] Check Pods Manifest.lock */ = {
			isa = PBXShellScriptBuildPhase;
			buildActionMask = 2147483647;
			files = (
			);
			inputPaths = (
				"${PODS_PODFILE_DIR_PATH}/Podfile.lock",
				"${PODS_ROOT}/Manifest.lock",
			);
			name = "[CP] Check Pods Manifest.lock";
			outputPaths = (
				"$(DERIVED_FILE_DIR)/Pods-bootstragram-checkManifestLockResult.txt",
			);
			runOnlyForDeploymentPostprocessing = 0;
			shellPath = /bin/sh;
			shellScript = "diff \"${PODS_PODFILE_DIR_PATH}/Podfile.lock\" \"${PODS_ROOT}/Manifest.lock\" > /dev/null\nif [ $? != 0 ] ; then\n    # print error to STDERR\n    echo \"error: The sandbox is not in sync with the Podfile.lock. Run 'pod install' or update your CocoaPods installation.\" >&2\n    exit 1\nfi\n# This output is used by Xcode 'outputs' to avoid re-running this script phase.\necho \"SUCCESS\" > \"${SCRIPT_OUTPUT_FILE_0}\"\n";
			showEnvVarsInLog = 0;
		};
		3A67882E25BA223E8FAD51C3 /* [CP] Embed Pods Frameworks */ = {
			isa = PBXShellScriptBuildPhase;
			buildActionMask = 2147483647;
			files = (
			);
			inputPaths = (
				"${PODS_ROOT}/Target Support Files/Pods-bootstragram/Pods-bootstragram-frameworks.sh",
				"${BUILT_PRODUCTS_DIR}/BSGUtilities/BSGUtilities.framework",
				"${BUILT_PRODUCTS_DIR}/MMMarkdown/MMMarkdown.framework",
				"${PODS_XCFRAMEWORKS_BUILD_DIR}/FBAEMKit/FBAEMKit.framework/FBAEMKit",
				"${PODS_XCFRAMEWORKS_BUILD_DIR}/FBSDKCoreKit/FBSDKCoreKit.framework/FBSDKCoreKit",
				"${PODS_XCFRAMEWORKS_BUILD_DIR}/FBSDKCoreKit_Basics/FBSDKCoreKit_Basics.framework/FBSDKCoreKit_Basics",
			);
			name = "[CP] Embed Pods Frameworks";
			outputPaths = (
				"${TARGET_BUILD_DIR}/${FRAMEWORKS_FOLDER_PATH}/BSGUtilities.framework",
				"${TARGET_BUILD_DIR}/${FRAMEWORKS_FOLDER_PATH}/MMMarkdown.framework",
				"${TARGET_BUILD_DIR}/${FRAMEWORKS_FOLDER_PATH}/FBAEMKit.framework",
				"${TARGET_BUILD_DIR}/${FRAMEWORKS_FOLDER_PATH}/FBSDKCoreKit.framework",
				"${TARGET_BUILD_DIR}/${FRAMEWORKS_FOLDER_PATH}/FBSDKCoreKit_Basics.framework",
			);
			runOnlyForDeploymentPostprocessing = 0;
			shellPath = /bin/sh;
			shellScript = "\"${PODS_ROOT}/Target Support Files/Pods-bootstragram/Pods-bootstragram-frameworks.sh\"\n";
			showEnvVarsInLog = 0;
		};
		F817EF4B884A1C953BED054C /* [CP] Check Pods Manifest.lock */ = {
			isa = PBXShellScriptBuildPhase;
			buildActionMask = 2147483647;
			files = (
			);
			inputPaths = (
				"${PODS_PODFILE_DIR_PATH}/Podfile.lock",
				"${PODS_ROOT}/Manifest.lock",
			);
			name = "[CP] Check Pods Manifest.lock";
			outputPaths = (
				"$(DERIVED_FILE_DIR)/Pods-bootstragramTests-checkManifestLockResult.txt",
			);
			runOnlyForDeploymentPostprocessing = 0;
			shellPath = /bin/sh;
			shellScript = "diff \"${PODS_PODFILE_DIR_PATH}/Podfile.lock\" \"${PODS_ROOT}/Manifest.lock\" > /dev/null\nif [ $? != 0 ] ; then\n    # print error to STDERR\n    echo \"error: The sandbox is not in sync with the Podfile.lock. Run 'pod install' or update your CocoaPods installation.\" >&2\n    exit 1\nfi\n# This output is used by Xcode 'outputs' to avoid re-running this script phase.\necho \"SUCCESS\" > \"${SCRIPT_OUTPUT_FILE_0}\"\n";
			showEnvVarsInLog = 0;
		};
/* End PBXShellScriptBuildPhase section */

/* Begin PBXSourcesBuildPhase section */
		00D9B93F183B8AFE003164F8 /* Sources */ = {
			isa = PBXSourcesBuildPhase;
			buildActionMask = 2147483647;
			files = (
				002510581AADF3BD00175A79 /* BSFunkyView.m in Sources */,
				002510631AADF3CC00175A79 /* BSProtectedSimulationViewController.m in Sources */,
				002510551AADF3BD00175A79 /* BSCoreGraphicsPlaygroundViewController.m in Sources */,
				002510641AADF3CC00175A79 /* BSSon.m in Sources */,
				0025105B1AADF3BD00175A79 /* BSLocationManagerDelegate.m in Sources */,
				002510591AADF3BD00175A79 /* BSGeolocAlarmViewController.m in Sources */,
				00D9B97F183B8B89003164F8 /* BSMyContactViewController.m in Sources */,
				00D9B985183B8F78003164F8 /* NSString+Levenshtein.m in Sources */,
				00D9B955183B8AFE003164F8 /* main.m in Sources */,
				002510651AADF3CC00175A79 /* BSUtils.m in Sources */,
				00D9B95C183B8AFE003164F8 /* bootstragram.xcdatamodeld in Sources */,
				002510561AADF3BD00175A79 /* BSDaddy.m in Sources */,
				0025105C1AADF3BD00175A79 /* BSMapAnnotation.m in Sources */,
				0059386A1CE63CD400DEA64B /* BSCollectionViewCell.m in Sources */,
				00D9B959183B8AFE003164F8 /* BSAppDelegate.m in Sources */,
				005938671CE637D200DEA64B /* BSCollectionViewController.m in Sources */,
			);
			runOnlyForDeploymentPostprocessing = 0;
		};
		00D9B95F183B8AFE003164F8 /* Sources */ = {
			isa = PBXSourcesBuildPhase;
			buildActionMask = 2147483647;
			files = (
				00D9B972183B8AFE003164F8 /* bootstragramTests.m in Sources */,
			);
			runOnlyForDeploymentPostprocessing = 0;
		};
/* End PBXSourcesBuildPhase section */

/* Begin PBXTargetDependency section */
		00D9B96A183B8AFE003164F8 /* PBXTargetDependency */ = {
			isa = PBXTargetDependency;
			target = 00D9B942183B8AFE003164F8 /* bootstragram */;
			targetProxy = 00D9B969183B8AFE003164F8 /* PBXContainerItemProxy */;
		};
/* End PBXTargetDependency section */

/* Begin PBXVariantGroup section */
		00D9B951183B8AFE003164F8 /* InfoPlist.strings */ = {
			isa = PBXVariantGroup;
			children = (
				00D9B952183B8AFE003164F8 /* en */,
			);
			name = InfoPlist.strings;
			sourceTree = "<group>";
		};
		00D9B96E183B8AFE003164F8 /* InfoPlist.strings */ = {
			isa = PBXVariantGroup;
			children = (
				00D9B96F183B8AFE003164F8 /* en */,
			);
			name = InfoPlist.strings;
			sourceTree = "<group>";
		};
/* End PBXVariantGroup section */

/* Begin XCBuildConfiguration section */
		00D9B973183B8AFE003164F8 /* Debug */ = {
			isa = XCBuildConfiguration;
			buildSettings = {
				ALWAYS_SEARCH_USER_PATHS = NO;
				CLANG_CXX_LANGUAGE_STANDARD = "gnu++0x";
				CLANG_CXX_LIBRARY = "libc++";
				CLANG_ENABLE_MODULES = YES;
				CLANG_ENABLE_OBJC_ARC = YES;
				CLANG_WARN_BLOCK_CAPTURE_AUTORELEASING = YES;
				CLANG_WARN_BOOL_CONVERSION = YES;
				CLANG_WARN_COMMA = YES;
				CLANG_WARN_CONSTANT_CONVERSION = YES;
				CLANG_WARN_DIRECT_OBJC_ISA_USAGE = YES_ERROR;
				CLANG_WARN_EMPTY_BODY = YES;
				CLANG_WARN_ENUM_CONVERSION = YES;
				CLANG_WARN_INFINITE_RECURSION = YES;
				CLANG_WARN_INT_CONVERSION = YES;
				CLANG_WARN_NON_LITERAL_NULL_CONVERSION = YES;
				CLANG_WARN_OBJC_LITERAL_CONVERSION = YES;
				CLANG_WARN_OBJC_ROOT_CLASS = YES_ERROR;
				CLANG_WARN_RANGE_LOOP_ANALYSIS = YES;
				CLANG_WARN_STRICT_PROTOTYPES = YES;
				CLANG_WARN_SUSPICIOUS_MOVE = YES;
				CLANG_WARN_UNREACHABLE_CODE = YES;
				CLANG_WARN__DUPLICATE_METHOD_MATCH = YES;
				CODE_SIGN_IDENTITY = "iPhone Developer";
				"CODE_SIGN_IDENTITY[sdk=iphoneos*]" = "iPhone Developer";
				COPY_PHASE_STRIP = NO;
				ENABLE_STRICT_OBJC_MSGSEND = YES;
				ENABLE_TESTABILITY = YES;
				GCC_C_LANGUAGE_STANDARD = gnu99;
				GCC_DYNAMIC_NO_PIC = NO;
				GCC_NO_COMMON_BLOCKS = YES;
				GCC_OPTIMIZATION_LEVEL = 0;
				GCC_PREPROCESSOR_DEFINITIONS = (
					"DEBUG=1",
					"$(inherited)",
				);
				GCC_SYMBOLS_PRIVATE_EXTERN = NO;
				GCC_WARN_64_TO_32_BIT_CONVERSION = YES;
				GCC_WARN_ABOUT_RETURN_TYPE = YES_ERROR;
				GCC_WARN_UNDECLARED_SELECTOR = YES;
				GCC_WARN_UNINITIALIZED_AUTOS = YES;
				GCC_WARN_UNUSED_FUNCTION = YES;
				GCC_WARN_UNUSED_VARIABLE = YES;
				IPHONEOS_DEPLOYMENT_TARGET = 9.0;
				ONLY_ACTIVE_ARCH = YES;
				SDKROOT = iphoneos;
				TARGETED_DEVICE_FAMILY = "1,2";
			};
			name = Debug;
		};
		00D9B974183B8AFE003164F8 /* Release */ = {
			isa = XCBuildConfiguration;
			buildSettings = {
				ALWAYS_SEARCH_USER_PATHS = NO;
				CLANG_CXX_LANGUAGE_STANDARD = "gnu++0x";
				CLANG_CXX_LIBRARY = "libc++";
				CLANG_ENABLE_MODULES = YES;
				CLANG_ENABLE_OBJC_ARC = YES;
				CLANG_WARN_BLOCK_CAPTURE_AUTORELEASING = YES;
				CLANG_WARN_BOOL_CONVERSION = YES;
				CLANG_WARN_COMMA = YES;
				CLANG_WARN_CONSTANT_CONVERSION = YES;
				CLANG_WARN_DIRECT_OBJC_ISA_USAGE = YES_ERROR;
				CLANG_WARN_EMPTY_BODY = YES;
				CLANG_WARN_ENUM_CONVERSION = YES;
				CLANG_WARN_INFINITE_RECURSION = YES;
				CLANG_WARN_INT_CONVERSION = YES;
				CLANG_WARN_NON_LITERAL_NULL_CONVERSION = YES;
				CLANG_WARN_OBJC_LITERAL_CONVERSION = YES;
				CLANG_WARN_OBJC_ROOT_CLASS = YES_ERROR;
				CLANG_WARN_RANGE_LOOP_ANALYSIS = YES;
				CLANG_WARN_STRICT_PROTOTYPES = YES;
				CLANG_WARN_SUSPICIOUS_MOVE = YES;
				CLANG_WARN_UNREACHABLE_CODE = YES;
				CLANG_WARN__DUPLICATE_METHOD_MATCH = YES;
				CODE_SIGN_IDENTITY = "iPhone Developer";
				"CODE_SIGN_IDENTITY[sdk=iphoneos*]" = "iPhone Developer";
				COPY_PHASE_STRIP = YES;
				ENABLE_NS_ASSERTIONS = NO;
				ENABLE_STRICT_OBJC_MSGSEND = YES;
				GCC_C_LANGUAGE_STANDARD = gnu99;
				GCC_NO_COMMON_BLOCKS = YES;
				GCC_WARN_64_TO_32_BIT_CONVERSION = YES;
				GCC_WARN_ABOUT_RETURN_TYPE = YES_ERROR;
				GCC_WARN_UNDECLARED_SELECTOR = YES;
				GCC_WARN_UNINITIALIZED_AUTOS = YES;
				GCC_WARN_UNUSED_FUNCTION = YES;
				GCC_WARN_UNUSED_VARIABLE = YES;
				IPHONEOS_DEPLOYMENT_TARGET = 9.0;
				SDKROOT = iphoneos;
				TARGETED_DEVICE_FAMILY = "1,2";
				VALIDATE_PRODUCT = YES;
			};
			name = Release;
		};
		00D9B976183B8AFE003164F8 /* Debug */ = {
			isa = XCBuildConfiguration;
			baseConfigurationReference = A7269A7F5050D07E96B3A9A1 /* Pods-bootstragram.debug.xcconfig */;
			buildSettings = {
				ASSETCATALOG_COMPILER_APPICON_NAME = AppIcon;
				ASSETCATALOG_COMPILER_LAUNCHIMAGE_NAME = LaunchImage;
				CODE_SIGN_IDENTITY = "iPhone Developer";
				"CODE_SIGN_IDENTITY[sdk=iphoneos*]" = "iPhone Developer";
				CODE_SIGN_STYLE = Automatic;
				DEVELOPMENT_TEAM = 7HX93AP7WL;
				GCC_PRECOMPILE_PREFIX_HEADER = YES;
				GCC_PREFIX_HEADER = "bootstragram/bootstragram-Prefix.pch";
				INFOPLIST_FILE = "bootstragram/bootstragram-Info.plist";
				IPHONEOS_DEPLOYMENT_TARGET = 11.0;
				PRODUCT_BUNDLE_IDENTIFIER = "com.bootstragram.${PRODUCT_NAME:rfc1034identifier}";
				PRODUCT_NAME = "$(TARGET_NAME)";
				PROVISIONING_PROFILE = "";
				PROVISIONING_PROFILE_SPECIFIER = "";
				TARGETED_DEVICE_FAMILY = "1,2";
				WRAPPER_EXTENSION = app;
			};
			name = Debug;
		};
		00D9B977183B8AFE003164F8 /* Release */ = {
			isa = XCBuildConfiguration;
			baseConfigurationReference = 2C50481A976F81419D2CE2F7 /* Pods-bootstragram.release.xcconfig */;
			buildSettings = {
				ASSETCATALOG_COMPILER_APPICON_NAME = AppIcon;
				ASSETCATALOG_COMPILER_LAUNCHIMAGE_NAME = LaunchImage;
				CODE_SIGN_IDENTITY = "iPhone Developer";
				"CODE_SIGN_IDENTITY[sdk=iphoneos*]" = "iPhone Developer";
				CODE_SIGN_STYLE = Automatic;
				DEVELOPMENT_TEAM = 7HX93AP7WL;
				GCC_PRECOMPILE_PREFIX_HEADER = YES;
				GCC_PREFIX_HEADER = "bootstragram/bootstragram-Prefix.pch";
				INFOPLIST_FILE = "bootstragram/bootstragram-Info.plist";
				IPHONEOS_DEPLOYMENT_TARGET = 11.0;
				PRODUCT_BUNDLE_IDENTIFIER = "com.bootstragram.${PRODUCT_NAME:rfc1034identifier}";
				PRODUCT_NAME = "$(TARGET_NAME)";
				PROVISIONING_PROFILE = "";
				PROVISIONING_PROFILE_SPECIFIER = "";
				TARGETED_DEVICE_FAMILY = "1,2";
				WRAPPER_EXTENSION = app;
			};
			name = Release;
		};
		00D9B979183B8AFE003164F8 /* Debug */ = {
			isa = XCBuildConfiguration;
			baseConfigurationReference = E09F5074811AE3C8ADB0850B /* Pods-bootstragramTests.debug.xcconfig */;
			buildSettings = {
				BUNDLE_LOADER = "$(BUILT_PRODUCTS_DIR)/bootstragram.app/bootstragram";
				FRAMEWORK_SEARCH_PATHS = (
					"$(SDKROOT)/Developer/Library/Frameworks",
					"$(inherited)",
					"$(DEVELOPER_FRAMEWORKS_DIR)",
				);
				GCC_PRECOMPILE_PREFIX_HEADER = YES;
				GCC_PREFIX_HEADER = "bootstragram/bootstragram-Prefix.pch";
				GCC_PREPROCESSOR_DEFINITIONS = (
					"DEBUG=1",
					"$(inherited)",
				);
				INFOPLIST_FILE = "bootstragramTests/bootstragramTests-Info.plist";
				PRODUCT_BUNDLE_IDENTIFIER = "com.bootstragram.${PRODUCT_NAME:rfc1034identifier}";
				PRODUCT_NAME = "$(TARGET_NAME)";
				TEST_HOST = "$(BUNDLE_LOADER)";
				WRAPPER_EXTENSION = xctest;
			};
			name = Debug;
		};
		00D9B97A183B8AFE003164F8 /* Release */ = {
			isa = XCBuildConfiguration;
			baseConfigurationReference = C5C95B4A4AE0DA7E42DB8A7B /* Pods-bootstragramTests.release.xcconfig */;
			buildSettings = {
				BUNDLE_LOADER = "$(BUILT_PRODUCTS_DIR)/bootstragram.app/bootstragram";
				FRAMEWORK_SEARCH_PATHS = (
					"$(SDKROOT)/Developer/Library/Frameworks",
					"$(inherited)",
					"$(DEVELOPER_FRAMEWORKS_DIR)",
				);
				GCC_PRECOMPILE_PREFIX_HEADER = YES;
				GCC_PREFIX_HEADER = "bootstragram/bootstragram-Prefix.pch";
				INFOPLIST_FILE = "bootstragramTests/bootstragramTests-Info.plist";
				PRODUCT_BUNDLE_IDENTIFIER = "com.bootstragram.${PRODUCT_NAME:rfc1034identifier}";
				PRODUCT_NAME = "$(TARGET_NAME)";
				TEST_HOST = "$(BUNDLE_LOADER)";
				WRAPPER_EXTENSION = xctest;
			};
			name = Release;
		};
/* End XCBuildConfiguration section */

/* Begin XCConfigurationList section */
		00D9B93E183B8AFE003164F8 /* Build configuration list for PBXProject "bootstragram" */ = {
			isa = XCConfigurationList;
			buildConfigurations = (
				00D9B973183B8AFE003164F8 /* Debug */,
				00D9B974183B8AFE003164F8 /* Release */,
			);
			defaultConfigurationIsVisible = 0;
			defaultConfigurationName = Release;
		};
		00D9B975183B8AFE003164F8 /* Build configuration list for PBXNativeTarget "bootstragram" */ = {
			isa = XCConfigurationList;
			buildConfigurations = (
				00D9B976183B8AFE003164F8 /* Debug */,
				00D9B977183B8AFE003164F8 /* Release */,
			);
			defaultConfigurationIsVisible = 0;
			defaultConfigurationName = Release;
		};
		00D9B978183B8AFE003164F8 /* Build configuration list for PBXNativeTarget "bootstragramTests" */ = {
			isa = XCConfigurationList;
			buildConfigurations = (
				00D9B979183B8AFE003164F8 /* Debug */,
				00D9B97A183B8AFE003164F8 /* Release */,
			);
			defaultConfigurationIsVisible = 0;
			defaultConfigurationName = Release;
		};
/* End XCConfigurationList section */

/* Begin XCVersionGroup section */
		00D9B95A183B8AFE003164F8 /* bootstragram.xcdatamodeld */ = {
			isa = XCVersionGroup;
			children = (
				00D9B95B183B8AFE003164F8 /* bootstragram.xcdatamodel */,
			);
			currentVersion = 00D9B95B183B8AFE003164F8 /* bootstragram.xcdatamodel */;
			path = bootstragram.xcdatamodeld;
			sourceTree = "<group>";
			versionGroupType = wrapper.xcdatamodel;
		};
/* End XCVersionGroup section */
	};
	rootObject = 00D9B93B183B8AFE003164F8 /* Project object */;
}
