PODS:
  - CocoaLumberjack (1.6.4):
    - CocoaLumberjack/Core (= 1.6.4)
    - CocoaLumberjack/Extensions (= 1.6.4)
  - CocoaLumberjack/Core (1.6.4)
  - CocoaLumberjack/Extensions (1.6.4):
    - CocoaLumberjack/Core

DEPENDENCIES:
  - CocoaLumberjack (~> 1.6.4)

SPEC CHECKSUMS:
  CocoaLumberjack: e03e9ba0022d69a837016b471d0b702e94c7803e

COCOAPODS: 0.35.0
