PODS:
  - Bolts (1.9.0):
    - Bolts/AppLinks (= 1.9.0)
    - Bolts/Tasks (= 1.9.0)
  - Bolts/AppLinks (1.9.0):
    - Bolts/Tasks
  - Bolts/Tasks (1.9.0)
  - BSGUtilities (0.5.0):
    - MMMarkdown (~> 0.3)
  - CocoaLumberjack (3.4.1):
    - CocoaLumberjack/Default (= 3.4.1)
    - CocoaLumberjack/Extensions (= 3.4.1)
  - CocoaLumberjack/Default (3.4.1)
  - CocoaLumberjack/Extensions (3.4.1):
    - CocoaLumberjack/Default
  - FBSDKCoreKit (4.30.0):
    - Bolts (~> 1.7)
  - GPUImage (0.1.7)
  - MMMarkdown (0.5.5)

DEPENDENCIES:
  - BSGUtilities
  - CocoaLumberjack
  - FBSDKCoreKit
  - GPUImage

SPEC CHECKSUMS:
  Bolts: ac6567323eac61e203f6a9763667d0f711be34c8
  BSGUtilities: deb6b2e0b38ad8492137eca775c68dafb48e5660
  CocoaLumberjack: 2e258a064cacc8eb9a2aca318e24d02a0a7fd56d
  FBSDKCoreKit: 7c4bba2877781a131ab5d54c0a78c405d4307b62
  GPUImage: 733a5f0fab92df9de1c37ba9df520a833ccb406d
  MMMarkdown: 1af97166ce0f6d6e0cb05695665492195d27c3f1

PODFILE CHECKSUM: 0586fa66e5870892c4db2fb1c5b942a7a208237a

COCOAPODS: 1.4.0
